// !$*UTF8*$!
{
	archiveVersion = 1;
	classes = {};
	objectVersion = 56;
	objects = {
		C04B62B6260DF1D47C90C5EB = {isa = PBXFileReference; lastKnownFileType = sourcecode.swift; path = "Shared/FocusState.swift"; sourceTree = SOURCE_ROOT; };
		5790BB91D25B8DB8738937CC = {isa = PBXFileReference; lastKnownFileType = sourcecode.swift; path = "Shared/FocusStore.swift"; sourceTree = SOURCE_ROOT; };
		9F21C2AE2FE7E77799B7B8E2 = {isa = PBXFileReference; lastKnownFileType = sourcecode.swift; path = "Shared/FocusViews.swift"; sourceTree = SOURCE_ROOT; };
		5FF3D7EA92BE8DB0F64F7437 = {isa = PBXFileReference; lastKnownFileType = sourcecode.swift; path = "App/AfterglowApp.swift"; sourceTree = SOURCE_ROOT; };
		3895B8B14DA0057924B2F5A9 = {isa = PBXFileReference; lastKnownFileType = sourcecode.swift; path = "App/FocusWindow.swift"; sourceTree = SOURCE_ROOT; };
		62F5051E29005ACC3CF5DF43 = {isa = PBXFileReference; lastKnownFileType = sourcecode.swift; path = "App/NativeMaterial.swift"; sourceTree = SOURCE_ROOT; };
		247E4D2E18E1AA983FA33B11 = {isa = PBXFileReference; lastKnownFileType = sourcecode.swift; path = "Widget/TimerIntents.swift"; sourceTree = SOURCE_ROOT; };
		3DEB800D11EF18735CF28034 = {isa = PBXFileReference; lastKnownFileType = sourcecode.swift; path = "Widget/AfterglowWidget.swift"; sourceTree = SOURCE_ROOT; };
		E22F3D16C14E3CEA667F4ECC = {isa = PBXFileReference; lastKnownFileType = text.plist.xml; path = "App/Info.plist"; sourceTree = SOURCE_ROOT; };
		1B44CA67D626DB2261D91DC7 = {isa = PBXFileReference; lastKnownFileType = text.plist.xml; path = "Widget/Info.plist"; sourceTree = SOURCE_ROOT; };
		A67D62E8DB1DC8FBCDAF9B63 = {isa = PBXFileReference; lastKnownFileType = text.plist.entitlements; path = "Config/App.entitlements"; sourceTree = SOURCE_ROOT; };
		72344A1086A4343E5F08538D = {isa = PBXFileReference; lastKnownFileType = text.plist.entitlements; path = "Config/Widget.entitlements"; sourceTree = SOURCE_ROOT; };
		811A77D4C417876477335792 = {isa = PBXFileReference; lastKnownFileType = text.xcconfig; path = "Config/Signing.xcconfig"; sourceTree = SOURCE_ROOT; };
		7D57618F6759CF07FA34CFDA = {isa = PBXFileReference; lastKnownFileType = image.icns; path = "Preview/AppIcon.icns"; sourceTree = SOURCE_ROOT; };
		ACF5D17765BEEDEAAEDDEAD9 = {isa = PBXFileReference; explicitFileType = wrapper.application; includeInIndex = 0; path = Afterglow.app; sourceTree = BUILT_PRODUCTS_DIR; };
		3B110D9364D43342B6FC4806 = {isa = PBXFileReference; explicitFileType = wrapper.app-extension; includeInIndex = 0; path = AfterglowWidgets.appex; sourceTree = BUILT_PRODUCTS_DIR; };
		3B321D4C1A98E53F25157DEF = {isa = PBXGroup; name = Sources; children = (C04B62B6260DF1D47C90C5EB, 5790BB91D25B8DB8738937CC, 9F21C2AE2FE7E77799B7B8E2, 5FF3D7EA92BE8DB0F64F7437, 3895B8B14DA0057924B2F5A9, 62F5051E29005ACC3CF5DF43, 247E4D2E18E1AA983FA33B11, 3DEB800D11EF18735CF28034, ); sourceTree = "<group>"; };
		679F4E5B46EF53E000AB57E7 = {isa = PBXGroup; name = Configuration; children = (E22F3D16C14E3CEA667F4ECC, 1B44CA67D626DB2261D91DC7, A67D62E8DB1DC8FBCDAF9B63, 72344A1086A4343E5F08538D, 811A77D4C417876477335792, 7D57618F6759CF07FA34CFDA, ); sourceTree = "<group>"; };
		B9E7F2871A3402983868AFC8 = {isa = PBXGroup; name = Products; children = (ACF5D17765BEEDEAAEDDEAD9, 3B110D9364D43342B6FC4806, ); sourceTree = "<group>"; };
		C69913C7EE4DFDD011BE172F = {isa = PBXGroup; children = (3B321D4C1A98E53F25157DEF, 679F4E5B46EF53E000AB57E7, B9E7F2871A3402983868AFC8, ); sourceTree = "<group>"; };
		6CB6303C1D1A54792360908C = {isa = PBXBuildFile; fileRef = C04B62B6260DF1D47C90C5EB; };
		238316A9F7AFAEA8FD5A6546 = {isa = PBXBuildFile; fileRef = 5790BB91D25B8DB8738937CC; };
		C50DAEEF03690FC7F63468AC = {isa = PBXBuildFile; fileRef = 9F21C2AE2FE7E77799B7B8E2; };
		4DD9A51DA3C11EB5AAA5B4C0 = {isa = PBXBuildFile; fileRef = 5FF3D7EA92BE8DB0F64F7437; };
		5A3DF633EA299F69E2FD87BC = {isa = PBXBuildFile; fileRef = 3895B8B14DA0057924B2F5A9; };
		B80A070BCB58121A4540A9C6 = {isa = PBXBuildFile; fileRef = 62F5051E29005ACC3CF5DF43; };
		A61E7D35341413EFE15C3CA9 = {isa = PBXBuildFile; fileRef = 247E4D2E18E1AA983FA33B11; };
		9ACB3110735C3548B9B55F9B = {isa = PBXSourcesBuildPhase; buildActionMask = 2147483647; files = (6CB6303C1D1A54792360908C, 238316A9F7AFAEA8FD5A6546, C50DAEEF03690FC7F63468AC, 4DD9A51DA3C11EB5AAA5B4C0, 5A3DF633EA299F69E2FD87BC, B80A070BCB58121A4540A9C6, A61E7D35341413EFE15C3CA9, ); runOnlyForDeploymentPostprocessing = 0; };
		8FDE2CBBAA833605EFDDB759 = {isa = PBXFrameworksBuildPhase; buildActionMask = 2147483647; files = (); runOnlyForDeploymentPostprocessing = 0; };
		0A3156CAF418AA72AF3AF05B = {isa = PBXBuildFile; fileRef = 7D57618F6759CF07FA34CFDA; };
		05747296C72E8EA23A438945 = {isa = PBXResourcesBuildPhase; buildActionMask = 2147483647; files = (0A3156CAF418AA72AF3AF05B, ); runOnlyForDeploymentPostprocessing = 0; };
		12826C2F6DAD1E46BFF698A6 = {isa = PBXBuildFile; fileRef = C04B62B6260DF1D47C90C5EB; };
		4380F240992414E90FB272F3 = {isa = PBXBuildFile; fileRef = 5790BB91D25B8DB8738937CC; };
		3C1E069D2E1A7F23E7B38634 = {isa = PBXBuildFile; fileRef = 9F21C2AE2FE7E77799B7B8E2; };
		3905AEC9D8ACC141789CD8D6 = {isa = PBXBuildFile; fileRef = 247E4D2E18E1AA983FA33B11; };
		AF900E144EE3458E429D7C68 = {isa = PBXBuildFile; fileRef = 3DEB800D11EF18735CF28034; };
		F5F1D426449827FCFFEB8083 = {isa = PBXSourcesBuildPhase; buildActionMask = 2147483647; files = (12826C2F6DAD1E46BFF698A6, 4380F240992414E90FB272F3, 3C1E069D2E1A7F23E7B38634, 3905AEC9D8ACC141789CD8D6, AF900E144EE3458E429D7C68, ); runOnlyForDeploymentPostprocessing = 0; };
		807F6E30C86241BC41A500FA = {isa = PBXFrameworksBuildPhase; buildActionMask = 2147483647; files = (); runOnlyForDeploymentPostprocessing = 0; };
		9C8E177C3919987017A4C345 = {isa = PBXResourcesBuildPhase; buildActionMask = 2147483647; files = (); runOnlyForDeploymentPostprocessing = 0; };
		310BC1A83962BC738E0B4980 = {isa = PBXBuildFile; fileRef = 3B110D9364D43342B6FC4806; settings = {ATTRIBUTES = (RemoveHeadersOnCopy, ); }; };
		6B3E090DB545F4D7E323DB6E = {isa = PBXCopyFilesBuildPhase; buildActionMask = 2147483647; dstPath = ""; dstSubfolderSpec = 13; files = (310BC1A83962BC738E0B4980, ); name = "Embed App Extensions"; runOnlyForDeploymentPostprocessing = 0; };
		01E77404E10F254C43E64C55 = {isa = PBXContainerItemProxy; containerPortal = 244210E48437B6556980A702; proxyType = 1; remoteGlobalIDString = D0A10AC4CE9AB71719338F2F; remoteInfo = AfterglowWidgets; };
		A4C2D386AB0259F33DCDC427 = {isa = PBXTargetDependency; target = D0A10AC4CE9AB71719338F2F; targetProxy = 01E77404E10F254C43E64C55; };
		488864B3D19480A82F7F1786 = {isa = XCBuildConfiguration; baseConfigurationReference = 811A77D4C417876477335792; buildSettings = {CLANG_ENABLE_MODULES = "YES"; CLANG_ENABLE_OBJC_ARC = "YES"; MACOSX_DEPLOYMENT_TARGET = "14.0"; SDKROOT = "macosx"; SWIFT_VERSION = "5.0"; ENABLE_USER_SCRIPT_SANDBOXING = "YES"; CODE_SIGN_STYLE = "Automatic"; COMBINE_HIDPI_IMAGES = "YES"; SWIFT_OPTIMIZATION_LEVEL = "-Onone"; DEBUG_INFORMATION_FORMAT = "dwarf";}; name = Debug; };
		35B1014F135DE9B45529B733 = {isa = XCBuildConfiguration; baseConfigurationReference = 811A77D4C417876477335792; buildSettings = {CLANG_ENABLE_MODULES = "YES"; CLANG_ENABLE_OBJC_ARC = "YES"; MACOSX_DEPLOYMENT_TARGET = "14.0"; SDKROOT = "macosx"; SWIFT_VERSION = "5.0"; ENABLE_USER_SCRIPT_SANDBOXING = "YES"; CODE_SIGN_STYLE = "Automatic"; COMBINE_HIDPI_IMAGES = "YES"; SWIFT_OPTIMIZATION_LEVEL = "-O"; DEBUG_INFORMATION_FORMAT = "dwarf-with-dsym";}; name = Release; };
		7ED5184A5487DF185E3420D0 = {isa = XCConfigurationList; buildConfigurations = (488864B3D19480A82F7F1786, 35B1014F135DE9B45529B733, ); defaultConfigurationIsVisible = 0; defaultConfigurationName = Release; };
		9CDDC06D30709C66FDABEEEF = {isa = XCBuildConfiguration; baseConfigurationReference = 811A77D4C417876477335792; buildSettings = {PRODUCT_NAME = "Afterglow"; PRODUCT_BUNDLE_IDENTIFIER = "app.afterglow.mac"; INFOPLIST_FILE = "App/Info.plist"; CODE_SIGN_ENTITLEMENTS = "Config/App.entitlements"; GENERATE_INFOPLIST_FILE = "NO"; ENABLE_APP_SANDBOX = "YES"; ENABLE_HARDENED_RUNTIME = "YES"; CURRENT_PROJECT_VERSION = "2"; MARKETING_VERSION = "0.2.0"; LD_RUNPATH_SEARCH_PATHS = "$(inherited) @executable_path/../Frameworks"; SKIP_INSTALL = "NO"; APPLICATION_EXTENSION_API_ONLY = "NO"; SWIFT_EMIT_LOC_STRINGS = "YES";}; name = Debug; };
		45F6E3EC689AD7799DD2B109 = {isa = XCBuildConfiguration; baseConfigurationReference = 811A77D4C417876477335792; buildSettings = {PRODUCT_NAME = "Afterglow"; PRODUCT_BUNDLE_IDENTIFIER = "app.afterglow.mac"; INFOPLIST_FILE = "App/Info.plist"; CODE_SIGN_ENTITLEMENTS = "Config/App.entitlements"; GENERATE_INFOPLIST_FILE = "NO"; ENABLE_APP_SANDBOX = "YES"; ENABLE_HARDENED_RUNTIME = "YES"; CURRENT_PROJECT_VERSION = "2"; MARKETING_VERSION = "0.2.0"; LD_RUNPATH_SEARCH_PATHS = "$(inherited) @executable_path/../Frameworks"; SKIP_INSTALL = "NO"; APPLICATION_EXTENSION_API_ONLY = "NO"; SWIFT_EMIT_LOC_STRINGS = "YES";}; name = Release; };
		3D3DF9C5620926B71DB351DB = {isa = XCConfigurationList; buildConfigurations = (9CDDC06D30709C66FDABEEEF, 45F6E3EC689AD7799DD2B109, ); defaultConfigurationIsVisible = 0; defaultConfigurationName = Release; };
		DC2FBAF6BA06BA7E15F89A22 = {isa = XCBuildConfiguration; baseConfigurationReference = 811A77D4C417876477335792; buildSettings = {PRODUCT_NAME = "AfterglowWidgets"; PRODUCT_BUNDLE_IDENTIFIER = "app.afterglow.mac.widgets"; INFOPLIST_FILE = "Widget/Info.plist"; CODE_SIGN_ENTITLEMENTS = "Config/Widget.entitlements"; GENERATE_INFOPLIST_FILE = "NO"; ENABLE_APP_SANDBOX = "YES"; ENABLE_HARDENED_RUNTIME = "YES"; CURRENT_PROJECT_VERSION = "2"; MARKETING_VERSION = "0.2.0"; LD_RUNPATH_SEARCH_PATHS = "$(inherited) @executable_path/../Frameworks @executable_path/../../../../Frameworks"; SKIP_INSTALL = "YES"; APPLICATION_EXTENSION_API_ONLY = "YES"; SWIFT_EMIT_LOC_STRINGS = "YES";}; name = Debug; };
		2712981A89CABA72B2C9F7C4 = {isa = XCBuildConfiguration; baseConfigurationReference = 811A77D4C417876477335792; buildSettings = {PRODUCT_NAME = "AfterglowWidgets"; PRODUCT_BUNDLE_IDENTIFIER = "app.afterglow.mac.widgets"; INFOPLIST_FILE = "Widget/Info.plist"; CODE_SIGN_ENTITLEMENTS = "Config/Widget.entitlements"; GENERATE_INFOPLIST_FILE = "NO"; ENABLE_APP_SANDBOX = "YES"; ENABLE_HARDENED_RUNTIME = "YES"; CURRENT_PROJECT_VERSION = "2"; MARKETING_VERSION = "0.2.0"; LD_RUNPATH_SEARCH_PATHS = "$(inherited) @executable_path/../Frameworks @executable_path/../../../../Frameworks"; SKIP_INSTALL = "YES"; APPLICATION_EXTENSION_API_ONLY = "YES"; SWIFT_EMIT_LOC_STRINGS = "YES";}; name = Release; };
		6D566D5B9AE06126ACC071AB = {isa = XCConfigurationList; buildConfigurations = (DC2FBAF6BA06BA7E15F89A22, 2712981A89CABA72B2C9F7C4, ); defaultConfigurationIsVisible = 0; defaultConfigurationName = Release; };
		D2979CEA678172CCF5A0DDA8 = {isa = PBXNativeTarget; buildConfigurationList = 3D3DF9C5620926B71DB351DB; buildPhases = (9ACB3110735C3548B9B55F9B, 8FDE2CBBAA833605EFDDB759, 05747296C72E8EA23A438945, 6B3E090DB545F4D7E323DB6E, ); buildRules = (); dependencies = (A4C2D386AB0259F33DCDC427, ); name = Afterglow; productName = Afterglow; productReference = ACF5D17765BEEDEAAEDDEAD9; productType = "com.apple.product-type.application"; };
		D0A10AC4CE9AB71719338F2F = {isa = PBXNativeTarget; buildConfigurationList = 6D566D5B9AE06126ACC071AB; buildPhases = (F5F1D426449827FCFFEB8083, 807F6E30C86241BC41A500FA, 9C8E177C3919987017A4C345, ); buildRules = (); dependencies = (); name = AfterglowWidgets; productName = AfterglowWidgets; productReference = 3B110D9364D43342B6FC4806; productType = "com.apple.product-type.app-extension"; };
		244210E48437B6556980A702 = {isa = PBXProject; attributes = {BuildIndependentTargetsInParallel = YES; LastUpgradeCheck = 1600; TargetAttributes = {D2979CEA678172CCF5A0DDA8 = {CreatedOnToolsVersion = 16.0; ProvisioningStyle = Automatic; SystemCapabilities = {com.apple.ApplicationGroups.Mac = {enabled = 1; }; com.apple.Sandbox = {enabled = 1; }; }; }; D0A10AC4CE9AB71719338F2F = {CreatedOnToolsVersion = 16.0; ProvisioningStyle = Automatic; SystemCapabilities = {com.apple.ApplicationGroups.Mac = {enabled = 1; }; com.apple.Sandbox = {enabled = 1; }; }; };}; }; buildConfigurationList = 7ED5184A5487DF185E3420D0; compatibilityVersion = "Xcode 14.0"; developmentRegion = "zh-Hans"; hasScannedForEncodings = 0; knownRegions = ("zh-Hans", en, Base, ); mainGroup = C69913C7EE4DFDD011BE172F; productRefGroup = B9E7F2871A3402983868AFC8; projectDirPath = ""; projectRoot = ""; targets = (D2979CEA678172CCF5A0DDA8, D0A10AC4CE9AB71719338F2F, ); };
	};
	rootObject = 244210E48437B6556980A702;
}
